PODS:
  - EstimoteSDK (2.1.4)
  - OMGHTTPURLRQ (2.0.1):
    - OMGHTTPURLRQ/RQ
    - OMGHTTPURLRQ/UserAgent
    - OMGHTTPURLRQ/UserAgent
  - OMGHTTPURLRQ/RQ (2.0.1):
    - OMGHTTPURLRQ/UserAgent
  - OMGHTTPURLRQ/UserAgent (2.0.1):
    - OMGHTTPURLRQ/UserAgent
  - PromiseKit/NSURLConnection (0.9.18):
    - OMGHTTPURLRQ
    - PromiseKit/Promise
  - PromiseKit/Promise (0.9.18)

DEPENDENCIES:
  - EstimoteSDK
  - PromiseKit/NSURLConnection

SPEC CHECKSUMS:
  EstimoteSDK: 737d80035603a15728b92b193223f1e967102b4e
  OMGHTTPURLRQ: 4297af2a7f7ca7adb3f8331203001e0fd2dae16f
  PromiseKit: 6d82595668e5a8bfdf5d1015abe246d9d44ae82e

COCOAPODS: 0.33.1
